// !$*UTF8*$!
{
	archiveVersion = 1;
	classes = {
	};
	objectVersion = 56;
	objects = {

/* Begin PBXBuildFile section */
		BC1B5BA02A1F8FA2008F5FD4 /* ApplefyAuthAppApp.swift in Sources */ = {isa = PBXBuildFile; fileRef = BC1B5B9F2A1F8FA2008F5FD4 /* ApplefyAuthAppApp.swift */; };
		BC1B5BA22A1F8FA2008F5FD4 /* ContentView.swift in Sources */ = {isa = PBXBuildFile; fileRef = BC1B5BA12A1F8FA2008F5FD4 /* ContentView.swift */; };
		BC1B5BA42A1F8FA3008F5FD4 /* Assets.xcassets in Resources */ = {isa = PBXBuildFile; fileRef = BC1B5BA32A1F8FA3008F5FD4 /* Assets.xcassets */; };
		BC1B5BA82A1F8FA3008F5FD4 /* Preview Assets.xcassets in Resources */ = {isa = PBXBuildFile; fileRef = BC1B5BA72A1F8FA3008F5FD4 /* Preview Assets.xcassets */; };
		BC4E8DC42A29E47400630DE6 /* NSImage+Extension.swift in Sources */ = {isa = PBXBuildFile; fileRef = BC4E8DC32A29E47400630DE6 /* NSImage+Extension.swift */; };
		BC4E8DC62A2B862800630DE6 /* AddTokenViewModel.swift in Sources */ = {isa = PBXBuildFile; fileRef = BC4E8DC52A2B862800630DE6 /* AddTokenViewModel.swift */; };
		BC4E8DC92A2B87FA00630DE6 /* ListOfTokensViewModel.swift in Sources */ = {isa = PBXBuildFile; fileRef = BC4E8DC82A2B87FA00630DE6 /* ListOfTokensViewModel.swift */; };
		BC4E8DCB2A2B8EEC00630DE6 /* NSNotifications+Extension.swift in Sources */ = {isa = PBXBuildFile; fileRef = BC4E8DCA2A2B8EEC00630DE6 /* NSNotifications+Extension.swift */; };
		BC4E8DCD2A2DDE4800630DE6 /* Base32.swift in Sources */ = {isa = PBXBuildFile; fileRef = BC4E8DCC2A2DDE4800630DE6 /* Base32.swift */; };
		BC4E8DCF2A2DDE7900630DE6 /* String+Extension.swift in Sources */ = {isa = PBXBuildFile; fileRef = BC4E8DCE2A2DDE7900630DE6 /* String+Extension.swift */; };
		BC4E8DD72A2DDF0E00630DE6 /* ApplefyAuthAppTests.swift in Sources */ = {isa = PBXBuildFile; fileRef = BC4E8DD62A2DDF0E00630DE6 /* ApplefyAuthAppTests.swift */; };
		BC4E8DDE2A2DDF2C00630DE6 /* ListOfTokensViewModelTests.swift in Sources */ = {isa = PBXBuildFile; fileRef = BC4E8DDD2A2DDF2C00630DE6 /* ListOfTokensViewModelTests.swift */; };
		BC6538FE2A28F8030009BDE0 /* AccountView.swift in Sources */ = {isa = PBXBuildFile; fileRef = BC6538FD2A28F8030009BDE0 /* AccountView.swift */; };
		BC9F4D272A265D4700B71A90 /* qr_code_example.png in Resources */ = {isa = PBXBuildFile; fileRef = BC9F4D262A265D4700B71A90 /* qr_code_example.png */; };
		BC9F4D2A2A28A92900B71A90 /* DemoStore.swift in Sources */ = {isa = PBXBuildFile; fileRef = BC9F4D292A28A92900B71A90 /* DemoStore.swift */; };
		BC9F4D2F2A28A9A900B71A90 /* DisplayTime.swift in Sources */ = {isa = PBXBuildFile; fileRef = BC9F4D2E2A28A9A900B71A90 /* DisplayTime.swift */; };
		BC9F4D312A28B7BD00B71A90 /* NavBackButton.swift in Sources */ = {isa = PBXBuildFile; fileRef = BC9F4D302A28B7BD00B71A90 /* NavBackButton.swift */; };
		BC9F4D5A2A28CF8800B71A90 /* View+Extension.swift in Sources */ = {isa = PBXBuildFile; fileRef = BC9F4D592A28CF8800B71A90 /* View+Extension.swift */; };
		BCA1CCBD2A1F902A00E7D606 /* Keychain.swift in Sources */ = {isa = PBXBuildFile; fileRef = BCA1CCBC2A1F902A00E7D606 /* Keychain.swift */; };
		BCA1CCC02A1F904B00E7D606 /* PersistentToken.swift in Sources */ = {isa = PBXBuildFile; fileRef = BCA1CCBF2A1F904B00E7D606 /* PersistentToken.swift */; };
		BCA1CCC22A1F906500E7D606 /* Token.swift in Sources */ = {isa = PBXBuildFile; fileRef = BCA1CCC12A1F906500E7D606 /* Token.swift */; };
		BCA1CCC42A1F908F00E7D606 /* Generator.swift in Sources */ = {isa = PBXBuildFile; fileRef = BCA1CCC32A1F908F00E7D606 /* Generator.swift */; };
		BCA1CCC72A1F90D200E7D606 /* Token+URL.swift in Sources */ = {isa = PBXBuildFile; fileRef = BCA1CCC62A1F90D200E7D606 /* Token+URL.swift */; };
		BCA1CCD12A1F92C500E7D606 /* TokenStore.swift in Sources */ = {isa = PBXBuildFile; fileRef = BCA1CCD02A1F92C500E7D606 /* TokenStore.swift */; };
		BCA1CCD32A1F92D500E7D606 /* Settings.swift in Sources */ = {isa = PBXBuildFile; fileRef = BCA1CCD22A1F92D500E7D606 /* Settings.swift */; };
		BCA1CCD72A1FACC400E7D606 /* ListOfTokensView.swift in Sources */ = {isa = PBXBuildFile; fileRef = BCA1CCD62A1FACC400E7D606 /* ListOfTokensView.swift */; };
		BCA1CCD92A1FADB100E7D606 /* AddTokenView.swift in Sources */ = {isa = PBXBuildFile; fileRef = BCA1CCD82A1FADB100E7D606 /* AddTokenView.swift */; };
		BCA1CCDB2A1FAF2900E7D606 /* ScanTokenView.swift in Sources */ = {isa = PBXBuildFile; fileRef = BCA1CCDA2A1FAF2900E7D606 /* ScanTokenView.swift */; };
		BCA1CCDE2A1FB15300E7D606 /* CameraManager.swift in Sources */ = {isa = PBXBuildFile; fileRef = BCA1CCDD2A1FB15300E7D606 /* CameraManager.swift */; };
		BCA1CCE02A1FB35200E7D606 /* FrameManager.swift in Sources */ = {isa = PBXBuildFile; fileRef = BCA1CCDF2A1FB35200E7D606 /* FrameManager.swift */; };
		BCA1CCE32A1FB3A400E7D606 /* ScanTokenViewModel.swift in Sources */ = {isa = PBXBuildFile; fileRef = BCA1CCE22A1FB3A400E7D606 /* ScanTokenViewModel.swift */; };
		BCA1CCE62A1FB72000E7D606 /* CGImage+Extension.swift in Sources */ = {isa = PBXBuildFile; fileRef = BCA1CCE52A1FB72000E7D606 /* CGImage+Extension.swift */; };
		BCA1CCE82A1FB7C400E7D606 /* CameraError.swift in Sources */ = {isa = PBXBuildFile; fileRef = BCA1CCE72A1FB7C400E7D606 /* CameraError.swift */; };
		BCA1CCEA2A1FBAB400E7D606 /* QRScanner.swift in Sources */ = {isa = PBXBuildFile; fileRef = BCA1CCE92A1FBAB400E7D606 /* QRScanner.swift */; };
		BCA1CCEF2A1FCBB900E7D606 /* AppManager.swift in Sources */ = {isa = PBXBuildFile; fileRef = BCA1CCEE2A1FCBB900E7D606 /* AppManager.swift */; };
		BCAB8C582A2E17D60024D93A /* ScanViewModelTests.swift in Sources */ = {isa = PBXBuildFile; fileRef = BCAB8C572A2E17D60024D93A /* ScanViewModelTests.swift */; };
		BCAB8C5C2A2E1A500024D93A /* MockTokenStore.swift in Sources */ = {isa = PBXBuildFile; fileRef = BCAB8C5B2A2E1A500024D93A /* MockTokenStore.swift */; };
/* End PBXBuildFile section */

/* Begin PBXContainerItemProxy section */
		BC4E8DD82A2DDF0E00630DE6 /* PBXContainerItemProxy */ = {
			isa = PBXContainerItemProxy;
			containerPortal = BC1B5B942A1F8FA2008F5FD4 /* Project object */;
			proxyType = 1;
			remoteGlobalIDString = BC1B5B9B2A1F8FA2008F5FD4;
			remoteInfo = ApplefyAuthApp;
		};
/* End PBXContainerItemProxy section */

/* Begin PBXFileReference section */
		BC1B5B9C2A1F8FA2008F5FD4 /* ApplefyAuthApp.app */ = {isa = PBXFileReference; explicitFileType = wrapper.application; includeInIndex = 0; path = ApplefyAuthApp.app; sourceTree = BUILT_PRODUCTS_DIR; };
		BC1B5B9F2A1F8FA2008F5FD4 /* ApplefyAuthAppApp.swift */ = {isa = PBXFileReference; lastKnownFileType = sourcecode.swift; path = ApplefyAuthAppApp.swift; sourceTree = "<group>"; };
		BC1B5BA12A1F8FA2008F5FD4 /* ContentView.swift */ = {isa = PBXFileReference; lastKnownFileType = sourcecode.swift; path = ContentView.swift; sourceTree = "<group>"; };
		BC1B5BA32A1F8FA3008F5FD4 /* Assets.xcassets */ = {isa = PBXFileReference; lastKnownFileType = folder.assetcatalog; path = Assets.xcassets; sourceTree = "<group>"; };
		BC1B5BA52A1F8FA3008F5FD4 /* ApplefyAuthApp.entitlements */ = {isa = PBXFileReference; lastKnownFileType = text.plist.entitlements; path = ApplefyAuthApp.entitlements; sourceTree = "<group>"; };
		BC1B5BA72A1F8FA3008F5FD4 /* Preview Assets.xcassets */ = {isa = PBXFileReference; lastKnownFileType = folder.assetcatalog; path = "Preview Assets.xcassets"; sourceTree = "<group>"; };
		BC4E8DC32A29E47400630DE6 /* NSImage+Extension.swift */ = {isa = PBXFileReference; lastKnownFileType = sourcecode.swift; path = "NSImage+Extension.swift"; sourceTree = "<group>"; };
		BC4E8DC52A2B862800630DE6 /* AddTokenViewModel.swift */ = {isa = PBXFileReference; lastKnownFileType = sourcecode.swift; path = AddTokenViewModel.swift; sourceTree = "<group>"; };
		BC4E8DC82A2B87FA00630DE6 /* ListOfTokensViewModel.swift */ = {isa = PBXFileReference; lastKnownFileType = sourcecode.swift; path = ListOfTokensViewModel.swift; sourceTree = "<group>"; };
		BC4E8DCA2A2B8EEC00630DE6 /* NSNotifications+Extension.swift */ = {isa = PBXFileReference; lastKnownFileType = sourcecode.swift; path = "NSNotifications+Extension.swift"; sourceTree = "<group>"; };
		BC4E8DCC2A2DDE4800630DE6 /* Base32.swift */ = {isa = PBXFileReference; lastKnownFileType = sourcecode.swift; path = Base32.swift; sourceTree = "<group>"; };
		BC4E8DCE2A2DDE7900630DE6 /* String+Extension.swift */ = {isa = PBXFileReference; lastKnownFileType = sourcecode.swift; path = "String+Extension.swift"; sourceTree = "<group>"; };
		BC4E8DD42A2DDF0E00630DE6 /* ApplefyAuthAppTests.xctest */ = {isa = PBXFileReference; explicitFileType = wrapper.cfbundle; includeInIndex = 0; path = ApplefyAuthAppTests.xctest; sourceTree = BUILT_PRODUCTS_DIR; };
		BC4E8DD62A2DDF0E00630DE6 /* ApplefyAuthAppTests.swift */ = {isa = PBXFileReference; lastKnownFileType = sourcecode.swift; path = ApplefyAuthAppTests.swift; sourceTree = "<group>"; };
		BC4E8DDD2A2DDF2C00630DE6 /* ListOfTokensViewModelTests.swift */ = {isa = PBXFileReference; lastKnownFileType = sourcecode.swift; path = ListOfTokensViewModelTests.swift; sourceTree = "<group>"; };
		BC6538FD2A28F8030009BDE0 /* AccountView.swift */ = {isa = PBXFileReference; lastKnownFileType = sourcecode.swift; path = AccountView.swift; sourceTree = "<group>"; };
		BC9F4D262A265D4700B71A90 /* qr_code_example.png */ = {isa = PBXFileReference; lastKnownFileType = image.png; path = qr_code_example.png; sourceTree = "<group>"; };
		BC9F4D292A28A92900B71A90 /* DemoStore.swift */ = {isa = PBXFileReference; lastKnownFileType = sourcecode.swift; path = DemoStore.swift; sourceTree = "<group>"; };
		BC9F4D2E2A28A9A900B71A90 /* DisplayTime.swift */ = {isa = PBXFileReference; lastKnownFileType = sourcecode.swift; path = DisplayTime.swift; sourceTree = "<group>"; };
		BC9F4D302A28B7BD00B71A90 /* NavBackButton.swift */ = {isa = PBXFileReference; lastKnownFileType = sourcecode.swift; path = NavBackButton.swift; sourceTree = "<group>"; };
		BC9F4D592A28CF8800B71A90 /* View+Extension.swift */ = {isa = PBXFileReference; lastKnownFileType = sourcecode.swift; path = "View+Extension.swift"; sourceTree = "<group>"; };
		BCA1CCBC2A1F902A00E7D606 /* Keychain.swift */ = {isa = PBXFileReference; lastKnownFileType = sourcecode.swift; path = Keychain.swift; sourceTree = "<group>"; };
		BCA1CCBF2A1F904B00E7D606 /* PersistentToken.swift */ = {isa = PBXFileReference; lastKnownFileType = sourcecode.swift; path = PersistentToken.swift; sourceTree = "<group>"; };
		BCA1CCC12A1F906500E7D606 /* Token.swift */ = {isa = PBXFileReference; lastKnownFileType = sourcecode.swift; path = Token.swift; sourceTree = "<group>"; };
		BCA1CCC32A1F908F00E7D606 /* Generator.swift */ = {isa = PBXFileReference; lastKnownFileType = sourcecode.swift; path = Generator.swift; sourceTree = "<group>"; };
		BCA1CCC62A1F90D200E7D606 /* Token+URL.swift */ = {isa = PBXFileReference; lastKnownFileType = sourcecode.swift; path = "Token+URL.swift"; sourceTree = "<group>"; };
		BCA1CCD02A1F92C500E7D606 /* TokenStore.swift */ = {isa = PBXFileReference; lastKnownFileType = sourcecode.swift; path = TokenStore.swift; sourceTree = "<group>"; };
		BCA1CCD22A1F92D500E7D606 /* Settings.swift */ = {isa = PBXFileReference; lastKnownFileType = sourcecode.swift; path = Settings.swift; sourceTree = "<group>"; };
		BCA1CCD62A1FACC400E7D606 /* ListOfTokensView.swift */ = {isa = PBXFileReference; lastKnownFileType = sourcecode.swift; path = ListOfTokensView.swift; sourceTree = "<group>"; };
		BCA1CCD82A1FADB100E7D606 /* AddTokenView.swift */ = {isa = PBXFileReference; lastKnownFileType = sourcecode.swift; path = AddTokenView.swift; sourceTree = "<group>"; };
		BCA1CCDA2A1FAF2900E7D606 /* ScanTokenView.swift */ = {isa = PBXFileReference; lastKnownFileType = sourcecode.swift; path = ScanTokenView.swift; sourceTree = "<group>"; };
		BCA1CCDD2A1FB15300E7D606 /* CameraManager.swift */ = {isa = PBXFileReference; lastKnownFileType = sourcecode.swift; path = CameraManager.swift; sourceTree = "<group>"; };
		BCA1CCDF2A1FB35200E7D606 /* FrameManager.swift */ = {isa = PBXFileReference; lastKnownFileType = sourcecode.swift; path = FrameManager.swift; sourceTree = "<group>"; };
		BCA1CCE22A1FB3A400E7D606 /* ScanTokenViewModel.swift */ = {isa = PBXFileReference; lastKnownFileType = sourcecode.swift; path = ScanTokenViewModel.swift; sourceTree = "<group>"; };
		BCA1CCE52A1FB72000E7D606 /* CGImage+Extension.swift */ = {isa = PBXFileReference; lastKnownFileType = sourcecode.swift; path = "CGImage+Extension.swift"; sourceTree = "<group>"; };
		BCA1CCE72A1FB7C400E7D606 /* CameraError.swift */ = {isa = PBXFileReference; lastKnownFileType = sourcecode.swift; path = CameraError.swift; sourceTree = "<group>"; };
		BCA1CCE92A1FBAB400E7D606 /* QRScanner.swift */ = {isa = PBXFileReference; lastKnownFileType = sourcecode.swift; path = QRScanner.swift; sourceTree = "<group>"; };
		BCA1CCEE2A1FCBB900E7D606 /* AppManager.swift */ = {isa = PBXFileReference; lastKnownFileType = sourcecode.swift; path = AppManager.swift; sourceTree = "<group>"; };
		BCAB8C572A2E17D60024D93A /* ScanViewModelTests.swift */ = {isa = PBXFileReference; lastKnownFileType = sourcecode.swift; path = ScanViewModelTests.swift; sourceTree = "<group>"; };
		BCAB8C5B2A2E1A500024D93A /* MockTokenStore.swift */ = {isa = PBXFileReference; lastKnownFileType = sourcecode.swift; path = MockTokenStore.swift; sourceTree = "<group>"; };
/* End PBXFileReference section */

/* Begin PBXFrameworksBuildPhase section */
		BC1B5B992A1F8FA2008F5FD4 /* Frameworks */ = {
			isa = PBXFrameworksBuildPhase;
			buildActionMask = 2147483647;
			files = (
			);
			runOnlyForDeploymentPostprocessing = 0;
		};
		BC4E8DD12A2DDF0E00630DE6 /* Frameworks */ = {
			isa = PBXFrameworksBuildPhase;
			buildActionMask = 2147483647;
			files = (
			);
			runOnlyForDeploymentPostprocessing = 0;
		};
/* End PBXFrameworksBuildPhase section */

/* Begin PBXGroup section */
		BC1B5B932A1F8FA2008F5FD4 = {
			isa = PBXGroup;
			children = (
				BC1B5B9E2A1F8FA2008F5FD4 /* ApplefyAuthApp */,
				BC4E8DD52A2DDF0E00630DE6 /* ApplefyAuthAppTests */,
				BC1B5B9D2A1F8FA2008F5FD4 /* Products */,
			);
			sourceTree = "<group>";
		};
		BC1B5B9D2A1F8FA2008F5FD4 /* Products */ = {
			isa = PBXGroup;
			children = (
				BC1B5B9C2A1F8FA2008F5FD4 /* ApplefyAuthApp.app */,
				BC4E8DD42A2DDF0E00630DE6 /* ApplefyAuthAppTests.xctest */,
			);
			name = Products;
			sourceTree = "<group>";
		};
		BC1B5B9E2A1F8FA2008F5FD4 /* ApplefyAuthApp */ = {
			isa = PBXGroup;
			children = (
				BC9F4D252A265D0A00B71A90 /* Resources */,
				BCA1CCEB2A1FC9FE00E7D606 /* Services */,
				BCA1CCE42A1FB71400E7D606 /* Extensions */,
				BCA1CCD42A1FACA200E7D606 /* UI */,
				BC1B5BA32A1F8FA3008F5FD4 /* Assets.xcassets */,
				BC1B5BA52A1F8FA3008F5FD4 /* ApplefyAuthApp.entitlements */,
				BC1B5BA62A1F8FA3008F5FD4 /* Preview Content */,
			);
			path = ApplefyAuthApp;
			sourceTree = "<group>";
		};
		BC1B5BA62A1F8FA3008F5FD4 /* Preview Content */ = {
			isa = PBXGroup;
			children = (
				BC1B5BA72A1F8FA3008F5FD4 /* Preview Assets.xcassets */,
			);
			path = "Preview Content";
			sourceTree = "<group>";
		};
		BC4E8DC72A2B87EE00630DE6 /* Cell */ = {
			isa = PBXGroup;
			children = (
				BC6538FD2A28F8030009BDE0 /* AccountView.swift */,
			);
			path = Cell;
			sourceTree = "<group>";
		};
		BC4E8DD52A2DDF0E00630DE6 /* ApplefyAuthAppTests */ = {
			isa = PBXGroup;
			children = (
				BCAB8C5D2A2E1E540024D93A /* ViewModels */,
				BC4E8DD62A2DDF0E00630DE6 /* ApplefyAuthAppTests.swift */,
				BCAB8C5B2A2E1A500024D93A /* MockTokenStore.swift */,
			);
			path = ApplefyAuthAppTests;
			sourceTree = "<group>";
		};
		BC6538FC2A28F2E20009BDE0 /* ScanToken */ = {
			isa = PBXGroup;
			children = (
				BCA1CCDA2A1FAF2900E7D606 /* ScanTokenView.swift */,
				BCA1CCE22A1FB3A400E7D606 /* ScanTokenViewModel.swift */,
			);
			path = ScanToken;
			sourceTree = "<group>";
		};
		BC9F4D252A265D0A00B71A90 /* Resources */ = {
			isa = PBXGroup;
			children = (
				BC9F4D262A265D4700B71A90 /* qr_code_example.png */,
			);
			path = Resources;
			sourceTree = "<group>";
		};
		BC9F4D282A28A92100B71A90 /* Utility */ = {
			isa = PBXGroup;
			children = (
				BC9F4D292A28A92900B71A90 /* DemoStore.swift */,
				BC9F4D2E2A28A9A900B71A90 /* DisplayTime.swift */,
				BC4E8DCC2A2DDE4800630DE6 /* Base32.swift */,
			);
			path = Utility;
			sourceTree = "<group>";
		};
		BC9F4D322A28B90E00B71A90 /* Buttons */ = {
			isa = PBXGroup;
			children = (
				BC9F4D302A28B7BD00B71A90 /* NavBackButton.swift */,
			);
			path = Buttons;
			sourceTree = "<group>";
		};
		BCA1CCBB2A1F900900E7D606 /* Storage */ = {
			isa = PBXGroup;
			children = (
				BCA1CCCF2A1F92BA00E7D606 /* Data store */,
				BCA1CCC52A1F909C00E7D606 /* Source */,
				BCA1CCBC2A1F902A00E7D606 /* Keychain.swift */,
				BCA1CCBF2A1F904B00E7D606 /* PersistentToken.swift */,
			);
			path = Storage;
			sourceTree = "<group>";
		};
		BCA1CCC52A1F909C00E7D606 /* Source */ = {
			isa = PBXGroup;
			children = (
				BCA1CCC32A1F908F00E7D606 /* Generator.swift */,
				BCA1CCC12A1F906500E7D606 /* Token.swift */,
			);
			path = Source;
			sourceTree = "<group>";
		};
		BCA1CCCF2A1F92BA00E7D606 /* Data store */ = {
			isa = PBXGroup;
			children = (
				BCA1CCD02A1F92C500E7D606 /* TokenStore.swift */,
				BCA1CCD22A1F92D500E7D606 /* Settings.swift */,
			);
			path = "Data store";
			sourceTree = "<group>";
		};
		BCA1CCD42A1FACA200E7D606 /* UI */ = {
			isa = PBXGroup;
			children = (
				BC6538FC2A28F2E20009BDE0 /* ScanToken */,
				BC9F4D322A28B90E00B71A90 /* Buttons */,
				BCA1CCE12A1FB39400E7D606 /* AddNewToken */,
				BCA1CCD52A1FACB500E7D606 /* ListOfTokens */,
				BC1B5B9F2A1F8FA2008F5FD4 /* ApplefyAuthAppApp.swift */,
				BC1B5BA12A1F8FA2008F5FD4 /* ContentView.swift */,
			);
			path = UI;
			sourceTree = "<group>";
		};
		BCA1CCD52A1FACB500E7D606 /* ListOfTokens */ = {
			isa = PBXGroup;
			children = (
				BC4E8DC72A2B87EE00630DE6 /* Cell */,
				BCA1CCD62A1FACC400E7D606 /* ListOfTokensView.swift */,
				BC4E8DC82A2B87FA00630DE6 /* ListOfTokensViewModel.swift */,
			);
			path = ListOfTokens;
			sourceTree = "<group>";
		};
		BCA1CCDC2A1FB14500E7D606 /* Camera */ = {
			isa = PBXGroup;
			children = (
				BCA1CCDD2A1FB15300E7D606 /* CameraManager.swift */,
				BCA1CCDF2A1FB35200E7D606 /* FrameManager.swift */,
				BCA1CCE72A1FB7C400E7D606 /* CameraError.swift */,
				BCA1CCE92A1FBAB400E7D606 /* QRScanner.swift */,
			);
			path = Camera;
			sourceTree = "<group>";
		};
		BCA1CCE12A1FB39400E7D606 /* AddNewToken */ = {
			isa = PBXGroup;
			children = (
				BCA1CCD82A1FADB100E7D606 /* AddTokenView.swift */,
				BC4E8DC52A2B862800630DE6 /* AddTokenViewModel.swift */,
			);
			path = AddNewToken;
			sourceTree = "<group>";
		};
		BCA1CCE42A1FB71400E7D606 /* Extensions */ = {
			isa = PBXGroup;
			children = (
				BCA1CCC62A1F90D200E7D606 /* Token+URL.swift */,
				BCA1CCE52A1FB72000E7D606 /* CGImage+Extension.swift */,
				BC9F4D592A28CF8800B71A90 /* View+Extension.swift */,
				BC4E8DC32A29E47400630DE6 /* NSImage+Extension.swift */,
				BC4E8DCA2A2B8EEC00630DE6 /* NSNotifications+Extension.swift */,
				BC4E8DCE2A2DDE7900630DE6 /* String+Extension.swift */,
			);
			path = Extensions;
			sourceTree = "<group>";
		};
		BCA1CCEB2A1FC9FE00E7D606 /* Services */ = {
			isa = PBXGroup;
			children = (
				BC9F4D282A28A92100B71A90 /* Utility */,
				BCA1CCBB2A1F900900E7D606 /* Storage */,
				BCA1CCDC2A1FB14500E7D606 /* Camera */,
				BCA1CCEE2A1FCBB900E7D606 /* AppManager.swift */,
			);
			path = Services;
			sourceTree = "<group>";
		};
		BCAB8C5D2A2E1E540024D93A /* ViewModels */ = {
			isa = PBXGroup;
			children = (
				BC4E8DDD2A2DDF2C00630DE6 /* ListOfTokensViewModelTests.swift */,
				BCAB8C572A2E17D60024D93A /* ScanViewModelTests.swift */,
			);
			path = ViewModels;
			sourceTree = "<group>";
		};
/* End PBXGroup section */

/* Begin PBXNativeTarget section */
		BC1B5B9B2A1F8FA2008F5FD4 /* ApplefyAuthApp */ = {
			isa = PBXNativeTarget;
			buildConfigurationList = BC1B5BAB2A1F8FA3008F5FD4 /* Build configuration list for PBXNativeTarget "ApplefyAuthApp" */;
			buildPhases = (
				BC1B5B982A1F8FA2008F5FD4 /* Sources */,
				BC1B5B992A1F8FA2008F5FD4 /* Frameworks */,
				BC1B5B9A2A1F8FA2008F5FD4 /* Resources */,
			);
			buildRules = (
			);
			dependencies = (
			);
			name = ApplefyAuthApp;
			packageProductDependencies = (
			);
			productName = ApplefyAuthApp;
			productReference = BC1B5B9C2A1F8FA2008F5FD4 /* ApplefyAuthApp.app */;
			productType = "com.apple.product-type.application";
		};
		BC4E8DD32A2DDF0E00630DE6 /* ApplefyAuthAppTests */ = {
			isa = PBXNativeTarget;
			buildConfigurationList = BC4E8DDA2A2DDF0E00630DE6 /* Build configuration list for PBXNativeTarget "ApplefyAuthAppTests" */;
			buildPhases = (
				BC4E8DD02A2DDF0E00630DE6 /* Sources */,
				BC4E8DD12A2DDF0E00630DE6 /* Frameworks */,
				BC4E8DD22A2DDF0E00630DE6 /* Resources */,
			);
			buildRules = (
			);
			dependencies = (
				BC4E8DD92A2DDF0E00630DE6 /* PBXTargetDependency */,
			);
			name = ApplefyAuthAppTests;
			productName = ApplefyAuthAppTests;
			productReference = BC4E8DD42A2DDF0E00630DE6 /* ApplefyAuthAppTests.xctest */;
			productType = "com.apple.product-type.bundle.unit-test";
		};
/* End PBXNativeTarget section */

/* Begin PBXProject section */
		BC1B5B942A1F8FA2008F5FD4 /* Project object */ = {
			isa = PBXProject;
			attributes = {
				BuildIndependentTargetsInParallel = 1;
				LastSwiftUpdateCheck = 1430;
				LastUpgradeCheck = 1420;
				TargetAttributes = {
					BC1B5B9B2A1F8FA2008F5FD4 = {
						CreatedOnToolsVersion = 14.2;
					};
					BC4E8DD32A2DDF0E00630DE6 = {
						CreatedOnToolsVersion = 14.3;
						TestTargetID = BC1B5B9B2A1F8FA2008F5FD4;
					};
				};
			};
			buildConfigurationList = BC1B5B972A1F8FA2008F5FD4 /* Build configuration list for PBXProject "ApplefyAuthApp" */;
			compatibilityVersion = "Xcode 14.0";
			developmentRegion = en;
			hasScannedForEncodings = 0;
			knownRegions = (
				en,
				Base,
			);
			mainGroup = BC1B5B932A1F8FA2008F5FD4;
			packageReferences = (
			);
			productRefGroup = BC1B5B9D2A1F8FA2008F5FD4 /* Products */;
			projectDirPath = "";
			projectRoot = "";
			targets = (
				BC1B5B9B2A1F8FA2008F5FD4 /* ApplefyAuthApp */,
				BC4E8DD32A2DDF0E00630DE6 /* ApplefyAuthAppTests */,
			);
		};
/* End PBXProject section */

/* Begin PBXResourcesBuildPhase section */
		BC1B5B9A2A1F8FA2008F5FD4 /* Resources */ = {
			isa = PBXResourcesBuildPhase;
			buildActionMask = 2147483647;
			files = (
				BC1B5BA82A1F8FA3008F5FD4 /* Preview Assets.xcassets in Resources */,
				BC1B5BA42A1F8FA3008F5FD4 /* Assets.xcassets in Resources */,
				BC9F4D272A265D4700B71A90 /* qr_code_example.png in Resources */,
			);
			runOnlyForDeploymentPostprocessing = 0;
		};
		BC4E8DD22A2DDF0E00630DE6 /* Resources */ = {
			isa = PBXResourcesBuildPhase;
			buildActionMask = 2147483647;
			files = (
			);
			runOnlyForDeploymentPostprocessing = 0;
		};
/* End PBXResourcesBuildPhase section */

/* Begin PBXSourcesBuildPhase section */
		BC1B5B982A1F8FA2008F5FD4 /* Sources */ = {
			isa = PBXSourcesBuildPhase;
			buildActionMask = 2147483647;
			files = (
				BCA1CCE82A1FB7C400E7D606 /* CameraError.swift in Sources */,
				BCA1CCD92A1FADB100E7D606 /* AddTokenView.swift in Sources */,
				BCA1CCDE2A1FB15300E7D606 /* CameraManager.swift in Sources */,
				BC9F4D2F2A28A9A900B71A90 /* DisplayTime.swift in Sources */,
				BC1B5BA22A1F8FA2008F5FD4 /* ContentView.swift in Sources */,
				BCA1CCD12A1F92C500E7D606 /* TokenStore.swift in Sources */,
				BCA1CCC22A1F906500E7D606 /* Token.swift in Sources */,
				BC9F4D2A2A28A92900B71A90 /* DemoStore.swift in Sources */,
				BCA1CCE02A1FB35200E7D606 /* FrameManager.swift in Sources */,
				BC1B5BA02A1F8FA2008F5FD4 /* ApplefyAuthAppApp.swift in Sources */,
				BCA1CCE62A1FB72000E7D606 /* CGImage+Extension.swift in Sources */,
				BCA1CCEA2A1FBAB400E7D606 /* QRScanner.swift in Sources */,
				BC4E8DC42A29E47400630DE6 /* NSImage+Extension.swift in Sources */,
				BC6538FE2A28F8030009BDE0 /* AccountView.swift in Sources */,
				BCA1CCC72A1F90D200E7D606 /* Token+URL.swift in Sources */,
				BCA1CCC42A1F908F00E7D606 /* Generator.swift in Sources */,
				BC4E8DC62A2B862800630DE6 /* AddTokenViewModel.swift in Sources */,
				BCA1CCDB2A1FAF2900E7D606 /* ScanTokenView.swift in Sources */,
				BCA1CCD72A1FACC400E7D606 /* ListOfTokensView.swift in Sources */,
				BCA1CCEF2A1FCBB900E7D606 /* AppManager.swift in Sources */,
				BCA1CCD32A1F92D500E7D606 /* Settings.swift in Sources */,
				BC4E8DCB2A2B8EEC00630DE6 /* NSNotifications+Extension.swift in Sources */,
				BC9F4D312A28B7BD00B71A90 /* NavBackButton.swift in Sources */,
				BC4E8DCD2A2DDE4800630DE6 /* Base32.swift in Sources */,
				BCA1CCC02A1F904B00E7D606 /* PersistentToken.swift in Sources */,
				BCA1CCE32A1FB3A400E7D606 /* ScanTokenViewModel.swift in Sources */,
				BCA1CCBD2A1F902A00E7D606 /* Keychain.swift in Sources */,
				BC9F4D5A2A28CF8800B71A90 /* View+Extension.swift in Sources */,
				BC4E8DCF2A2DDE7900630DE6 /* String+Extension.swift in Sources */,
				BC4E8DC92A2B87FA00630DE6 /* ListOfTokensViewModel.swift in Sources */,
			);
			runOnlyForDeploymentPostprocessing = 0;
		};
		BC4E8DD02A2DDF0E00630DE6 /* Sources */ = {
			isa = PBXSourcesBuildPhase;
			buildActionMask = 2147483647;
			files = (
				BC4E8DDE2A2DDF2C00630DE6 /* ListOfTokensViewModelTests.swift in Sources */,
				BC4E8DD72A2DDF0E00630DE6 /* ApplefyAuthAppTests.swift in Sources */,
				BCAB8C582A2E17D60024D93A /* ScanViewModelTests.swift in Sources */,
				BCAB8C5C2A2E1A500024D93A /* MockTokenStore.swift in Sources */,
			);
			runOnlyForDeploymentPostprocessing = 0;
		};
/* End PBXSourcesBuildPhase section */

/* Begin PBXTargetDependency section */
		BC4E8DD92A2DDF0E00630DE6 /* PBXTargetDependency */ = {
			isa = PBXTargetDependency;
			target = BC1B5B9B2A1F8FA2008F5FD4 /* ApplefyAuthApp */;
			targetProxy = BC4E8DD82A2DDF0E00630DE6 /* PBXContainerItemProxy */;
		};
/* End PBXTargetDependency section */

/* Begin XCBuildConfiguration section */
		BC1B5BA92A1F8FA3008F5FD4 /* Debug */ = {
			isa = XCBuildConfiguration;
			buildSettings = {
				ALWAYS_SEARCH_USER_PATHS = NO;
				CLANG_ANALYZER_NONNULL = YES;
				CLANG_ANALYZER_NUMBER_OBJECT_CONVERSION = YES_AGGRESSIVE;
				CLANG_CXX_LANGUAGE_STANDARD = "gnu++20";
				CLANG_ENABLE_MODULES = YES;
				CLANG_ENABLE_OBJC_ARC = YES;
				CLANG_ENABLE_OBJC_WEAK = YES;
				CLANG_WARN_BLOCK_CAPTURE_AUTORELEASING = YES;
				CLANG_WARN_BOOL_CONVERSION = YES;
				CLANG_WARN_COMMA = YES;
				CLANG_WARN_CONSTANT_CONVERSION = YES;
				CLANG_WARN_DEPRECATED_OBJC_IMPLEMENTATIONS = YES;
				CLANG_WARN_DIRECT_OBJC_ISA_USAGE = YES_ERROR;
				CLANG_WARN_DOCUMENTATION_COMMENTS = YES;
				CLANG_WARN_EMPTY_BODY = YES;
				CLANG_WARN_ENUM_CONVERSION = YES;
				CLANG_WARN_INFINITE_RECURSION = YES;
				CLANG_WARN_INT_CONVERSION = YES;
				CLANG_WARN_NON_LITERAL_NULL_CONVERSION = YES;
				CLANG_WARN_OBJC_IMPLICIT_RETAIN_SELF = YES;
				CLANG_WARN_OBJC_LITERAL_CONVERSION = YES;
				CLANG_WARN_OBJC_ROOT_CLASS = YES_ERROR;
				CLANG_WARN_QUOTED_INCLUDE_IN_FRAMEWORK_HEADER = YES;
				CLANG_WARN_RANGE_LOOP_ANALYSIS = YES;
				CLANG_WARN_STRICT_PROTOTYPES = YES;
				CLANG_WARN_SUSPICIOUS_MOVE = YES;
				CLANG_WARN_UNGUARDED_AVAILABILITY = YES_AGGRESSIVE;
				CLANG_WARN_UNREACHABLE_CODE = YES;
				CLANG_WARN__DUPLICATE_METHOD_MATCH = YES;
				COPY_PHASE_STRIP = NO;
				DEBUG_INFORMATION_FORMAT = dwarf;
				ENABLE_STRICT_OBJC_MSGSEND = YES;
				ENABLE_TESTABILITY = YES;
				GCC_C_LANGUAGE_STANDARD = gnu11;
				GCC_DYNAMIC_NO_PIC = NO;
				GCC_NO_COMMON_BLOCKS = YES;
				GCC_OPTIMIZATION_LEVEL = 0;
				GCC_PREPROCESSOR_DEFINITIONS = (
					"DEBUG=1",
					"$(inherited)",
				);
				GCC_WARN_64_TO_32_BIT_CONVERSION = YES;
				GCC_WARN_ABOUT_RETURN_TYPE = YES_ERROR;
				GCC_WARN_UNDECLARED_SELECTOR = YES;
				GCC_WARN_UNINITIALIZED_AUTOS = YES_AGGRESSIVE;
				GCC_WARN_UNUSED_FUNCTION = YES;
				GCC_WARN_UNUSED_VARIABLE = YES;
				MTL_ENABLE_DEBUG_INFO = INCLUDE_SOURCE;
				MTL_FAST_MATH = YES;
				ONLY_ACTIVE_ARCH = YES;
				SWIFT_ACTIVE_COMPILATION_CONDITIONS = DEBUG;
				SWIFT_OPTIMIZATION_LEVEL = "-Onone";
			};
			name = Debug;
		};
		BC1B5BAA2A1F8FA3008F5FD4 /* Release */ = {
			isa = XCBuildConfiguration;
			buildSettings = {
				ALWAYS_SEARCH_USER_PATHS = NO;
				CLANG_ANALYZER_NONNULL = YES;
				CLANG_ANALYZER_NUMBER_OBJECT_CONVERSION = YES_AGGRESSIVE;
				CLANG_CXX_LANGUAGE_STANDARD = "gnu++20";
				CLANG_ENABLE_MODULES = YES;
				CLANG_ENABLE_OBJC_ARC = YES;
				CLANG_ENABLE_OBJC_WEAK = YES;
				CLANG_WARN_BLOCK_CAPTURE_AUTORELEASING = YES;
				CLANG_WARN_BOOL_CONVERSION = YES;
				CLANG_WARN_COMMA = YES;
				CLANG_WARN_CONSTANT_CONVERSION = YES;
				CLANG_WARN_DEPRECATED_OBJC_IMPLEMENTATIONS = YES;
				CLANG_WARN_DIRECT_OBJC_ISA_USAGE = YES_ERROR;
				CLANG_WARN_DOCUMENTATION_COMMENTS = YES;
				CLANG_WARN_EMPTY_BODY = YES;
				CLANG_WARN_ENUM_CONVERSION = YES;
				CLANG_WARN_INFINITE_RECURSION = YES;
				CLANG_WARN_INT_CONVERSION = YES;
				CLANG_WARN_NON_LITERAL_NULL_CONVERSION = YES;
				CLANG_WARN_OBJC_IMPLICIT_RETAIN_SELF = YES;
				CLANG_WARN_OBJC_LITERAL_CONVERSION = YES;
				CLANG_WARN_OBJC_ROOT_CLASS = YES_ERROR;
				CLANG_WARN_QUOTED_INCLUDE_IN_FRAMEWORK_HEADER = YES;
				CLANG_WARN_RANGE_LOOP_ANALYSIS = YES;
				CLANG_WARN_STRICT_PROTOTYPES = YES;
				CLANG_WARN_SUSPICIOUS_MOVE = YES;
				CLANG_WARN_UNGUARDED_AVAILABILITY = YES_AGGRESSIVE;
				CLANG_WARN_UNREACHABLE_CODE = YES;
				CLANG_WARN__DUPLICATE_METHOD_MATCH = YES;
				COPY_PHASE_STRIP = NO;
				DEBUG_INFORMATION_FORMAT = "dwarf-with-dsym";
				ENABLE_NS_ASSERTIONS = NO;
				ENABLE_STRICT_OBJC_MSGSEND = YES;
				GCC_C_LANGUAGE_STANDARD = gnu11;
				GCC_NO_COMMON_BLOCKS = YES;
				GCC_WARN_64_TO_32_BIT_CONVERSION = YES;
				GCC_WARN_ABOUT_RETURN_TYPE = YES_ERROR;
				GCC_WARN_UNDECLARED_SELECTOR = YES;
				GCC_WARN_UNINITIALIZED_AUTOS = YES_AGGRESSIVE;
				GCC_WARN_UNUSED_FUNCTION = YES;
				GCC_WARN_UNUSED_VARIABLE = YES;
				MTL_ENABLE_DEBUG_INFO = NO;
				MTL_FAST_MATH = YES;
				SWIFT_COMPILATION_MODE = wholemodule;
				SWIFT_OPTIMIZATION_LEVEL = "-O";
			};
			name = Release;
		};
		BC1B5BAC2A1F8FA3008F5FD4 /* Debug */ = {
			isa = XCBuildConfiguration;
			buildSettings = {
				ASSETCATALOG_COMPILER_APPICON_NAME = AppIcon;
				ASSETCATALOG_COMPILER_GLOBAL_ACCENT_COLOR_NAME = AccentColor;
				CODE_SIGN_ENTITLEMENTS = ApplefyAuthApp/ApplefyAuthApp.entitlements;
				CODE_SIGN_STYLE = Automatic;
				CURRENT_PROJECT_VERSION = 1;
				DEVELOPMENT_ASSET_PATHS = "\"ApplefyAuthApp/Preview Content\"";
				DEVELOPMENT_TEAM = 3E8WWLT8HN;
				ENABLE_HARDENED_RUNTIME = YES;
				ENABLE_PREVIEWS = YES;
				GENERATE_INFOPLIST_FILE = YES;
				INFOPLIST_KEY_NSCameraUsageDescription = "We need access to camera to scan token";
				"INFOPLIST_KEY_UIApplicationSceneManifest_Generation[sdk=iphoneos*]" = YES;
				"INFOPLIST_KEY_UIApplicationSceneManifest_Generation[sdk=iphonesimulator*]" = YES;
				"INFOPLIST_KEY_UIApplicationSupportsIndirectInputEvents[sdk=iphoneos*]" = YES;
				"INFOPLIST_KEY_UIApplicationSupportsIndirectInputEvents[sdk=iphonesimulator*]" = YES;
				"INFOPLIST_KEY_UILaunchScreen_Generation[sdk=iphoneos*]" = YES;
				"INFOPLIST_KEY_UILaunchScreen_Generation[sdk=iphonesimulator*]" = YES;
				"INFOPLIST_KEY_UIStatusBarStyle[sdk=iphoneos*]" = UIStatusBarStyleDefault;
				"INFOPLIST_KEY_UIStatusBarStyle[sdk=iphonesimulator*]" = UIStatusBarStyleDefault;
				INFOPLIST_KEY_UISupportedInterfaceOrientations_iPad = "UIInterfaceOrientationPortrait UIInterfaceOrientationPortraitUpsideDown UIInterfaceOrientationLandscapeLeft UIInterfaceOrientationLandscapeRight";
				INFOPLIST_KEY_UISupportedInterfaceOrientations_iPhone = "UIInterfaceOrientationPortrait UIInterfaceOrientationLandscapeLeft UIInterfaceOrientationLandscapeRight";
				INFOPLIST_KEY_UIUserInterfaceStyle = Light;
				IPHONEOS_DEPLOYMENT_TARGET = 16.2;
				LD_RUNPATH_SEARCH_PATHS = "@executable_path/Frameworks";
				"LD_RUNPATH_SEARCH_PATHS[sdk=macosx*]" = "@executable_path/../Frameworks";
				MACOSX_DEPLOYMENT_TARGET = 13.1;
				MARKETING_VERSION = 1.0;
				PRODUCT_BUNDLE_IDENTIFIER = applefy.ApplefyAuthApp;
				PRODUCT_NAME = "$(TARGET_NAME)";
				SDKROOT = auto;
				SUPPORTED_PLATFORMS = "iphoneos iphonesimulator macosx";
				SWIFT_EMIT_LOC_STRINGS = YES;
				SWIFT_VERSION = 5.0;
				TARGETED_DEVICE_FAMILY = "1,2";
			};
			name = Debug;
		};
		BC1B5BAD2A1F8FA3008F5FD4 /* Release */ = {
			isa = XCBuildConfiguration;
			buildSettings = {
				ASSETCATALOG_COMPILER_APPICON_NAME = AppIcon;
				ASSETCATALOG_COMPILER_GLOBAL_ACCENT_COLOR_NAME = AccentColor;
				CODE_SIGN_ENTITLEMENTS = ApplefyAuthApp/ApplefyAuthApp.entitlements;
				CODE_SIGN_STYLE = Automatic;
				CURRENT_PROJECT_VERSION = 1;
				DEVELOPMENT_ASSET_PATHS = "\"ApplefyAuthApp/Preview Content\"";
				DEVELOPMENT_TEAM = 3E8WWLT8HN;
				ENABLE_HARDENED_RUNTIME = YES;
				ENABLE_PREVIEWS = YES;
				GENERATE_INFOPLIST_FILE = YES;
				INFOPLIST_KEY_NSCameraUsageDescription = "We need access to camera to scan token";
				"INFOPLIST_KEY_UIApplicationSceneManifest_Generation[sdk=iphoneos*]" = YES;
				"INFOPLIST_KEY_UIApplicationSceneManifest_Generation[sdk=iphonesimulator*]" = YES;
				"INFOPLIST_KEY_UIApplicationSupportsIndirectInputEvents[sdk=iphoneos*]" = YES;
				"INFOPLIST_KEY_UIApplicationSupportsIndirectInputEvents[sdk=iphonesimulator*]" = YES;
				"INFOPLIST_KEY_UILaunchScreen_Generation[sdk=iphoneos*]" = YES;
				"INFOPLIST_KEY_UILaunchScreen_Generation[sdk=iphonesimulator*]" = YES;
				"INFOPLIST_KEY_UIStatusBarStyle[sdk=iphoneos*]" = UIStatusBarStyleDefault;
				"INFOPLIST_KEY_UIStatusBarStyle[sdk=iphonesimulator*]" = UIStatusBarStyleDefault;
				INFOPLIST_KEY_UISupportedInterfaceOrientations_iPad = "UIInterfaceOrientationPortrait UIInterfaceOrientationPortraitUpsideDown UIInterfaceOrientationLandscapeLeft UIInterfaceOrientationLandscapeRight";
				INFOPLIST_KEY_UISupportedInterfaceOrientations_iPhone = "UIInterfaceOrientationPortrait UIInterfaceOrientationLandscapeLeft UIInterfaceOrientationLandscapeRight";
				INFOPLIST_KEY_UIUserInterfaceStyle = Light;
				IPHONEOS_DEPLOYMENT_TARGET = 16.2;
				LD_RUNPATH_SEARCH_PATHS = "@executable_path/Frameworks";
				"LD_RUNPATH_SEARCH_PATHS[sdk=macosx*]" = "@executable_path/../Frameworks";
				MACOSX_DEPLOYMENT_TARGET = 13.1;
				MARKETING_VERSION = 1.0;
				PRODUCT_BUNDLE_IDENTIFIER = applefy.ApplefyAuthApp;
				PRODUCT_NAME = "$(TARGET_NAME)";
				SDKROOT = auto;
				SUPPORTED_PLATFORMS = "iphoneos iphonesimulator macosx";
				SWIFT_EMIT_LOC_STRINGS = YES;
				SWIFT_VERSION = 5.0;
				TARGETED_DEVICE_FAMILY = "1,2";
			};
			name = Release;
		};
		BC4E8DDB2A2DDF0E00630DE6 /* Debug */ = {
			isa = XCBuildConfiguration;
			buildSettings = {
				BUNDLE_LOADER = "$(TEST_HOST)";
				CODE_SIGN_STYLE = Automatic;
				CURRENT_PROJECT_VERSION = 1;
				DEVELOPMENT_TEAM = 9WW9Z623Y6;
				GENERATE_INFOPLIST_FILE = YES;
				IPHONEOS_DEPLOYMENT_TARGET = 16.4;
				MARKETING_VERSION = 1.0;
				PRODUCT_BUNDLE_IDENTIFIER = den4iklvivua.ApplefyAuthAppTests;
				PRODUCT_NAME = "$(TARGET_NAME)";
				SDKROOT = iphoneos;
				SWIFT_EMIT_LOC_STRINGS = NO;
				SWIFT_VERSION = 5.0;
				TARGETED_DEVICE_FAMILY = "1,2";
				TEST_HOST = "$(BUILT_PRODUCTS_DIR)/ApplefyAuthApp.app/$(BUNDLE_EXECUTABLE_FOLDER_PATH)/ApplefyAuthApp";
			};
			name = Debug;
		};
		BC4E8DDC2A2DDF0E00630DE6 /* Release */ = {
			isa = XCBuildConfiguration;
			buildSettings = {
				BUNDLE_LOADER = "$(TEST_HOST)";
				CODE_SIGN_STYLE = Automatic;
				CURRENT_PROJECT_VERSION = 1;
				DEVELOPMENT_TEAM = 9WW9Z623Y6;
				GENERATE_INFOPLIST_FILE = YES;
				IPHONEOS_DEPLOYMENT_TARGET = 16.4;
				MARKETING_VERSION = 1.0;
				PRODUCT_BUNDLE_IDENTIFIER = den4iklvivua.ApplefyAuthAppTests;
				PRODUCT_NAME = "$(TARGET_NAME)";
				SDKROOT = iphoneos;
				SWIFT_EMIT_LOC_STRINGS = NO;
				SWIFT_VERSION = 5.0;
				TARGETED_DEVICE_FAMILY = "1,2";
				TEST_HOST = "$(BUILT_PRODUCTS_DIR)/ApplefyAuthApp.app/$(BUNDLE_EXECUTABLE_FOLDER_PATH)/ApplefyAuthApp";
				VALIDATE_PRODUCT = YES;
			};
			name = Release;
		};
/* End XCBuildConfiguration section */

/* Begin XCConfigurationList section */
		BC1B5B972A1F8FA2008F5FD4 /* Build configuration list for PBXProject "ApplefyAuthApp" */ = {
			isa = XCConfigurationList;
			buildConfigurations = (
				BC1B5BA92A1F8FA3008F5FD4 /* Debug */,
				BC1B5BAA2A1F8FA3008F5FD4 /* Release */,
			);
			defaultConfigurationIsVisible = 0;
			defaultConfigurationName = Release;
		};
		BC1B5BAB2A1F8FA3008F5FD4 /* Build configuration list for PBXNativeTarget "ApplefyAuthApp" */ = {
			isa = XCConfigurationList;
			buildConfigurations = (
				BC1B5BAC2A1F8FA3008F5FD4 /* Debug */,
				BC1B5BAD2A1F8FA3008F5FD4 /* Release */,
			);
			defaultConfigurationIsVisible = 0;
			defaultConfigurationName = Release;
		};
		BC4E8DDA2A2DDF0E00630DE6 /* Build configuration list for PBXNativeTarget "ApplefyAuthAppTests" */ = {
			isa = XCConfigurationList;
			buildConfigurations = (
				BC4E8DDB2A2DDF0E00630DE6 /* Debug */,
				BC4E8DDC2A2DDF0E00630DE6 /* Release */,
			);
			defaultConfigurationIsVisible = 0;
			defaultConfigurationName = Release;
		};
/* End XCConfigurationList section */
	};
	rootObject = BC1B5B942A1F8FA2008F5FD4 /* Project object */;
}
